<Solution>
  <Folder Name="/Solution Items/">
    <File Path=".editorconfig" />
    <File Path="Directory.Build.props" />
    <File Path="Directory.Build.targets" />
    <File Path="README.md" />
  </Folder>
  <Project Path="src/SecretStore.CLI/SecretStore.CLI.csproj" />
  <Project Path="src/SecretStore.Core/SecretStore.Core.csproj" />
</Solution>
