<Solution>
  <Folder Name="/Solution Items/">
    <File Path=".editorconfig" />
    <File Path="README.md" />
  </Folder>
  <Project Path="SecretStore.Extensions.Configuration/SecretStore.Extensions.Configuration.csproj" Id="5845965e-762c-4e30-a3f9-ee93b55bd813" />
  <Project Path="src/SecretStore.CLI/SecretStore.CLI.csproj" />
  <Project Path="src/SecretStore.Core/SecretStore.Core.csproj" />
</Solution>
